<Solution>
  <Folder Name="/Core/">
    <Project Path="Core/Core.csproj" />
  </Folder>
  <Folder Name="/Infrastructure/">
    <Project Path="Model/Model.csproj" />
    <Project Path="Repository/Repository.csproj" Id="00c2c25e-b825-4edd-8f84-569e44298df3" />
  </Folder>
  <Project Path="ClassesMetodos/ClassesMetodos.csproj" />
</Solution>
